<Solution>
  <Folder Name="/Bootstrapper/">
    <Project Path="Bootstrapper/Api/Api.csproj" Id="6dc01666-7f26-4fcc-ba36-7b655650722a" />
  </Folder>
  <Folder Name="/Modules/" />
  <Folder Name="/Modules/Basket/">
    <Project Path="Modules/Basket/Basket/Basket.csproj" Id="2c3b4f99-8f25-4bfc-8afd-81c513290af4" />
  </Folder>
  <Folder Name="/Modules/Catalog/">
    <Project Path="Modules/Catalog/Catalog/Catalog.csproj" Id="454e5394-0734-4b6e-b5d6-7af59651cd5e" />
  </Folder>
  <Folder Name="/Modules/Ordering/">
    <Project Path="Modules/Ordering/Ordering/Ordering.csproj" Id="0cbc1eef-1d15-4221-807b-f72992629617" />
  </Folder>
  <Folder Name="/Shared/">
    <Project Path="Shared/Shared/Shared.csproj" Id="76969523-14f5-4e14-a855-d593f228b5ae" />
  </Folder>
</Solution>
